
Microsoft Visual Studio Solution File, Format Version 12.00
# Visual Studio Version 17
VisualStudioVersion = 17.14.36518.9
MinimumVisualStudioVersion = 10.0.40219.1
Project("{FAE04EC0-301F-11D3-BF4B-00C04F79EFBC}") = "LearningPlatform.Api", "LearningPlatform.Api\LearningPlatform.Api.csproj", "{2179A292-2AD6-4151-A7FD-7CCDA858AF70}"
EndProject
Project("{FAE04EC0-301F-11D3-BF4B-00C04F79EFBC}") = "LearningPlatform.Domain", "LearningPlatform.Domain\LearningPlatform.Domain.csproj", "{646BCDD5-C473-448D-87A2-564D05C58AFC}"
EndProject
Project("{FAE04EC0-301F-11D3-BF4B-00C04F79EFBC}") = "LearningPlatform.Application", "LearningPlatform.Application\LearningPlatform.Application.csproj", "{03146DF8-AFB6-4434-A2C7-9DD0D267B8F1}"
EndProject
Project("{FAE04EC0-301F-11D3-BF4B-00C04F79EFBC}") = "LearningPlatform.Infrastructure", "LearningPlatform.Infrastructure\LearningPlatform.Infrastructure.csproj", "{C1B67ABF-8EDE-459E-A541-F9C912EF5E5E}"
EndProject
Project("{2150E333-8FDC-42A3-9474-1A3956D46DE8}") = "Элементы решения", "Элементы решения", "{754FC069-D67B-A9D7-50A1-8D1CA196D8F1}"
	ProjectSection(SolutionItems) = preProject
		.env = .env
		.gitignore = .gitignore
		docker-compose.yml = docker-compose.yml
		nginx.conf = nginx.conf
	EndProjectSection
EndProject
Global
	GlobalSection(SolutionConfigurationPlatforms) = preSolution
		Debug|Any CPU = Debug|Any CPU
		Release|Any CPU = Release|Any CPU
	EndGlobalSection
	GlobalSection(ProjectConfigurationPlatforms) = postSolution
		{2179A292-2AD6-4151-A7FD-7CCDA858AF70}.Debug|Any CPU.ActiveCfg = Debug|Any CPU
		{2179A292-2AD6-4151-A7FD-7CCDA858AF70}.Debug|Any CPU.Build.0 = Debug|Any CPU
		{2179A292-2AD6-4151-A7FD-7CCDA858AF70}.Release|Any CPU.ActiveCfg = Release|Any CPU
		{2179A292-2AD6-4151-A7FD-7CCDA858AF70}.Release|Any CPU.Build.0 = Release|Any CPU
		{646BCDD5-C473-448D-87A2-564D05C58AFC}.Debug|Any CPU.ActiveCfg = Debug|Any CPU
		{646BCDD5-C473-448D-87A2-564D05C58AFC}.Debug|Any CPU.Build.0 = Debug|Any CPU
		{646BCDD5-C473-448D-87A2-564D05C58AFC}.Release|Any CPU.ActiveCfg = Release|Any CPU
		{646BCDD5-C473-448D-87A2-564D05C58AFC}.Release|Any CPU.Build.0 = Release|Any CPU
		{03146DF8-AFB6-4434-A2C7-9DD0D267B8F1}.Debug|Any CPU.ActiveCfg = Debug|Any CPU
		{03146DF8-AFB6-4434-A2C7-9DD0D267B8F1}.Debug|Any CPU.Build.0 = Debug|Any CPU
		{03146DF8-AFB6-4434-A2C7-9DD0D267B8F1}.Release|Any CPU.ActiveCfg = Release|Any CPU
		{03146DF8-AFB6-4434-A2C7-9DD0D267B8F1}.Release|Any CPU.Build.0 = Release|Any CPU
		{C1B67ABF-8EDE-459E-A541-F9C912EF5E5E}.Debug|Any CPU.ActiveCfg = Debug|Any CPU
		{C1B67ABF-8EDE-459E-A541-F9C912EF5E5E}.Debug|Any CPU.Build.0 = Debug|Any CPU
		{C1B67ABF-8EDE-459E-A541-F9C912EF5E5E}.Release|Any CPU.ActiveCfg = Release|Any CPU
		{C1B67ABF-8EDE-459E-A541-F9C912EF5E5E}.Release|Any CPU.Build.0 = Release|Any CPU
	EndGlobalSection
	GlobalSection(SolutionProperties) = preSolution
		HideSolutionNode = FALSE
	EndGlobalSection
	GlobalSection(ExtensibilityGlobals) = postSolution
		SolutionGuid = {0DC27CDC-D4F3-437B-9CF9-3FB615F8F14D}
	EndGlobalSection
EndGlobal
